
Microsoft Visual Studio Solution File, Format Version 12.00
# Visual Studio Version 17
VisualStudioVersion = 17.0.31903.59
MinimumVisualStudioVersion = 10.0.40219.1
Project("{FAE04EC0-301F-11D3-BF4B-00C04F79EFBC}") = "MainApp", "MainApp\MainApp.csproj", "{D660A539-C3C5-4BEF-A1DB-A8E66A9F282C}"
EndProject
Project("{FAE04EC0-301F-11D3-BF4B-00C04F79EFBC}") = "Infrastructure", "Infrastructure\Infrastructure.csproj", "{4966BB8C-CB72-4313-AD33-E5072EA26191}"
EndProject
Project("{FAE04EC0-301F-11D3-BF4B-00C04F79EFBC}") = "Domain", "Domain\Domain.csproj", "{17E22253-2D49-4907-A45E-DAB650BB5D0F}"
EndProject
Global
	GlobalSection(SolutionConfigurationPlatforms) = preSolution
		Debug|Any CPU = Debug|Any CPU
		Release|Any CPU = Release|Any CPU
	EndGlobalSection
	GlobalSection(SolutionProperties) = preSolution
		HideSolutionNode = FALSE
	EndGlobalSection
	GlobalSection(ProjectConfigurationPlatforms) = postSolution
		{D660A539-C3C5-4BEF-A1DB-A8E66A9F282C}.Debug|Any CPU.ActiveCfg = Debug|Any CPU
		{D660A539-C3C5-4BEF-A1DB-A8E66A9F282C}.Debug|Any CPU.Build.0 = Debug|Any CPU
		{D660A539-C3C5-4BEF-A1DB-A8E66A9F282C}.Release|Any CPU.ActiveCfg = Release|Any CPU
		{D660A539-C3C5-4BEF-A1DB-A8E66A9F282C}.Release|Any CPU.Build.0 = Release|Any CPU
		{4966BB8C-CB72-4313-AD33-E5072EA26191}.Debug|Any CPU.ActiveCfg = Debug|Any CPU
		{4966BB8C-CB72-4313-AD33-E5072EA26191}.Debug|Any CPU.Build.0 = Debug|Any CPU
		{4966BB8C-CB72-4313-AD33-E5072EA26191}.Release|Any CPU.ActiveCfg = Release|Any CPU
		{4966BB8C-CB72-4313-AD33-E5072EA26191}.Release|Any CPU.Build.0 = Release|Any CPU
		{17E22253-2D49-4907-A45E-DAB650BB5D0F}.Debug|Any CPU.ActiveCfg = Debug|Any CPU
		{17E22253-2D49-4907-A45E-DAB650BB5D0F}.Debug|Any CPU.Build.0 = Debug|Any CPU
		{17E22253-2D49-4907-A45E-DAB650BB5D0F}.Release|Any CPU.ActiveCfg = Release|Any CPU
		{17E22253-2D49-4907-A45E-DAB650BB5D0F}.Release|Any CPU.Build.0 = Release|Any CPU
	EndGlobalSection
EndGlobal
